
Microsoft Visual Studio Solution File, Format Version 12.00
# Visual Studio Version 17
VisualStudioVersion = 17.5.33530.505
MinimumVisualStudioVersion = 10.0.40219.1
Project("{9A19103F-16F7-4668-BE54-9A1E7A4F7556}") = "NevesCS.Static", "src\NevesCS.Static\NevesCS.Static.csproj", "{2867CFB2-50D1-478B-AFF2-F12A7B5435E3}"
EndProject
Project("{9A19103F-16F7-4668-BE54-9A1E7A4F7556}") = "NevesCS.NonStatic", "src\NevesCS.NonStatic\NevesCS.NonStatic.csproj", "{BD7A21D3-0FB5-401A-BCCC-13250A3EBC2E}"
EndProject
Project("{9A19103F-16F7-4668-BE54-9A1E7A4F7556}") = "NevesCS.Tests", "src\NevesCS.Tests\NevesCS.Tests.csproj", "{1474BF22-C182-41F8-8C2B-6F92B599ED45}"
EndProject
Project("{2150E333-8FDC-42A3-9474-1A3956D46DE8}") = "Solution Items", "Solution Items", "{0E12F1C7-7D9B-4E49-A715-19D52C5EE4A9}"
	ProjectSection(SolutionItems) = preProject
		.editorconfig = .editorconfig
		.gitignore = .gitignore
		NevesCS.props = NevesCS.props
		README.md = README.md
	EndProjectSection
EndProject
Project("{9A19103F-16F7-4668-BE54-9A1E7A4F7556}") = "NevesCS.AspNetCore.Abstractions", "src\NevesCS.AspNetCore.Abstractions\NevesCS.AspNetCore.Abstractions.csproj", "{D20EB757-ED12-4F23-83F2-73724B77267D}"
EndProject
Project("{9A19103F-16F7-4668-BE54-9A1E7A4F7556}") = "NevesCS.AspNetCore", "src\NevesCS.AspNetCore\NevesCS.AspNetCore.csproj", "{A08E5D07-A15B-4B3A-9773-5086D8A410C6}"
EndProject
Project("{9A19103F-16F7-4668-BE54-9A1E7A4F7556}") = "NevesCS.Abstractions", "src\NevesCS.Abstractions\NevesCS.Abstractions.csproj", "{13D140CE-B386-4C84-A210-276EACD087CB}"
EndProject
Project("{FAE04EC0-301F-11D3-BF4B-00C04F79EFBC}") = "NevesCS.Static.Extensions", "src\NevesCS.Static.Extensions\NevesCS.Static.Extensions.csproj", "{8724E908-77B0-444F-8394-969B8FE68241}"
EndProject
Global
	GlobalSection(SolutionConfigurationPlatforms) = preSolution
		Debug|Any CPU = Debug|Any CPU
		Release|Any CPU = Release|Any CPU
	EndGlobalSection
	GlobalSection(ProjectConfigurationPlatforms) = postSolution
		{2867CFB2-50D1-478B-AFF2-F12A7B5435E3}.Debug|Any CPU.ActiveCfg = Debug|Any CPU
		{2867CFB2-50D1-478B-AFF2-F12A7B5435E3}.Debug|Any CPU.Build.0 = Debug|Any CPU
		{2867CFB2-50D1-478B-AFF2-F12A7B5435E3}.Release|Any CPU.ActiveCfg = Release|Any CPU
		{2867CFB2-50D1-478B-AFF2-F12A7B5435E3}.Release|Any CPU.Build.0 = Release|Any CPU
		{BD7A21D3-0FB5-401A-BCCC-13250A3EBC2E}.Debug|Any CPU.ActiveCfg = Debug|Any CPU
		{BD7A21D3-0FB5-401A-BCCC-13250A3EBC2E}.Debug|Any CPU.Build.0 = Debug|Any CPU
		{BD7A21D3-0FB5-401A-BCCC-13250A3EBC2E}.Release|Any CPU.ActiveCfg = Release|Any CPU
		{BD7A21D3-0FB5-401A-BCCC-13250A3EBC2E}.Release|Any CPU.Build.0 = Release|Any CPU
		{1474BF22-C182-41F8-8C2B-6F92B599ED45}.Debug|Any CPU.ActiveCfg = Debug|Any CPU
		{1474BF22-C182-41F8-8C2B-6F92B599ED45}.Debug|Any CPU.Build.0 = Debug|Any CPU
		{1474BF22-C182-41F8-8C2B-6F92B599ED45}.Release|Any CPU.ActiveCfg = Release|Any CPU
		{1474BF22-C182-41F8-8C2B-6F92B599ED45}.Release|Any CPU.Build.0 = Release|Any CPU
		{D20EB757-ED12-4F23-83F2-73724B77267D}.Debug|Any CPU.ActiveCfg = Debug|Any CPU
		{D20EB757-ED12-4F23-83F2-73724B77267D}.Debug|Any CPU.Build.0 = Debug|Any CPU
		{D20EB757-ED12-4F23-83F2-73724B77267D}.Release|Any CPU.ActiveCfg = Release|Any CPU
		{D20EB757-ED12-4F23-83F2-73724B77267D}.Release|Any CPU.Build.0 = Release|Any CPU
		{A08E5D07-A15B-4B3A-9773-5086D8A410C6}.Debug|Any CPU.ActiveCfg = Debug|Any CPU
		{A08E5D07-A15B-4B3A-9773-5086D8A410C6}.Debug|Any CPU.Build.0 = Debug|Any CPU
		{A08E5D07-A15B-4B3A-9773-5086D8A410C6}.Release|Any CPU.ActiveCfg = Release|Any CPU
		{A08E5D07-A15B-4B3A-9773-5086D8A410C6}.Release|Any CPU.Build.0 = Release|Any CPU
		{13D140CE-B386-4C84-A210-276EACD087CB}.Debug|Any CPU.ActiveCfg = Debug|Any CPU
		{13D140CE-B386-4C84-A210-276EACD087CB}.Debug|Any CPU.Build.0 = Debug|Any CPU
		{13D140CE-B386-4C84-A210-276EACD087CB}.Release|Any CPU.ActiveCfg = Release|Any CPU
		{13D140CE-B386-4C84-A210-276EACD087CB}.Release|Any CPU.Build.0 = Release|Any CPU
		{8724E908-77B0-444F-8394-969B8FE68241}.Debug|Any CPU.ActiveCfg = Debug|Any CPU
		{8724E908-77B0-444F-8394-969B8FE68241}.Debug|Any CPU.Build.0 = Debug|Any CPU
		{8724E908-77B0-444F-8394-969B8FE68241}.Release|Any CPU.ActiveCfg = Release|Any CPU
		{8724E908-77B0-444F-8394-969B8FE68241}.Release|Any CPU.Build.0 = Release|Any CPU
	EndGlobalSection
	GlobalSection(SolutionProperties) = preSolution
		HideSolutionNode = FALSE
	EndGlobalSection
	GlobalSection(ExtensibilityGlobals) = postSolution
		SolutionGuid = {BF14A9E2-9803-4E19-9484-C81CC2AAB995}
	EndGlobalSection
EndGlobal
